// !$*UTF8*$!
{
	archiveVersion = 1;
	classes = {
	};
	objectVersion = 50;
	objects = {

/* Begin PBXBuildFile section */
		240A654B247AF4D30084CB31 /* Animal.swift in Sources */ = {isa = PBXBuildFile; fileRef = 240A654A247AF4D30084CB31 /* Animal.swift */; };
		240A654D247AF5FA0084CB31 /* AnimalManager.swift in Sources */ = {isa = PBXBuildFile; fileRef = 240A654C247AF5FA0084CB31 /* AnimalManager.swift */; };
		240A6550247AFA900084CB31 /* AnimalTableViewCell.swift in Sources */ = {isa = PBXBuildFile; fileRef = 240A654E247AFA900084CB31 /* AnimalTableViewCell.swift */; };
		240A6551247AFA900084CB31 /* AnimalTableViewCell.xib in Resources */ = {isa = PBXBuildFile; fileRef = 240A654F247AFA900084CB31 /* AnimalTableViewCell.xib */; };
		240A6553247AFB530084CB31 /* AnimalViewController.swift in Sources */ = {isa = PBXBuildFile; fileRef = 240A6552247AFB530084CB31 /* AnimalViewController.swift */; };
		240A6556247B05370084CB31 /* AnimalTitleTableViewCell.swift in Sources */ = {isa = PBXBuildFile; fileRef = 240A6554247B05370084CB31 /* AnimalTitleTableViewCell.swift */; };
		240A6557247B05370084CB31 /* AnimalTitleTableViewCell.xib in Resources */ = {isa = PBXBuildFile; fileRef = 240A6555247B05370084CB31 /* AnimalTitleTableViewCell.xib */; };
		24125FBA24791BF500F4E544 /* ColorForApp.swift in Sources */ = {isa = PBXBuildFile; fileRef = 24125FB924791BF500F4E544 /* ColorForApp.swift */; };
		24125FBC2479535D00F4E544 /* DisplayCardViewController.swift in Sources */ = {isa = PBXBuildFile; fileRef = 24125FBB2479535D00F4E544 /* DisplayCardViewController.swift */; };
		24153DEB247BBE3D005A3C66 /* AnimalScene.swift in Sources */ = {isa = PBXBuildFile; fileRef = 24153DEA247BBE3D005A3C66 /* AnimalScene.swift */; };
		24153DEE247BD32D005A3C66 /* SolarSystemTableViewCell.swift in Sources */ = {isa = PBXBuildFile; fileRef = 24153DEC247BD32D005A3C66 /* SolarSystemTableViewCell.swift */; };
		24153DEF247BD32D005A3C66 /* SolarSystemTableViewCell.xib in Resources */ = {isa = PBXBuildFile; fileRef = 24153DED247BD32D005A3C66 /* SolarSystemTableViewCell.xib */; };
		24153DF1247BD4CF005A3C66 /* SolarSystemTableViewController.swift in Sources */ = {isa = PBXBuildFile; fileRef = 24153DF0247BD4CF005A3C66 /* SolarSystemTableViewController.swift */; };
		24153DF3247BD5B3005A3C66 /* SolarSystem.swift in Sources */ = {isa = PBXBuildFile; fileRef = 24153DF2247BD5B3005A3C66 /* SolarSystem.swift */; };
		24153DF5247BD6D2005A3C66 /* SolarSystemManager.swift in Sources */ = {isa = PBXBuildFile; fileRef = 24153DF4247BD6D2005A3C66 /* SolarSystemManager.swift */; };
		24153DF7247BE8B9005A3C66 /* SingleSolarSystemViewController.swift in Sources */ = {isa = PBXBuildFile; fileRef = 24153DF6247BE8B9005A3C66 /* SingleSolarSystemViewController.swift */; };
		24153DFD247BEC6B005A3C66 /* SingleSolarSystemTableViewCell.swift in Sources */ = {isa = PBXBuildFile; fileRef = 24153DFB247BEC6B005A3C66 /* SingleSolarSystemTableViewCell.swift */; };
		24153DFE247BEC6B005A3C66 /* SingleSolarSystemTableViewCell.xib in Resources */ = {isa = PBXBuildFile; fileRef = 24153DFC247BEC6B005A3C66 /* SingleSolarSystemTableViewCell.xib */; };
		24153E01247C2293005A3C66 /* StatisticsSingleSolarSystemTableViewCell.swift in Sources */ = {isa = PBXBuildFile; fileRef = 24153DFF247C2293005A3C66 /* StatisticsSingleSolarSystemTableViewCell.swift */; };
		24153E02247C2293005A3C66 /* StatisticsSingleSolarSystemTableViewCell.xib in Resources */ = {isa = PBXBuildFile; fileRef = 24153E00247C2293005A3C66 /* StatisticsSingleSolarSystemTableViewCell.xib */; };
		24153E04247C24CC005A3C66 /* SolarSystemScene.swift in Sources */ = {isa = PBXBuildFile; fileRef = 24153E03247C24CC005A3C66 /* SolarSystemScene.swift */; };
		24153E09247C42D2005A3C66 /* MathsTableViewCell.swift in Sources */ = {isa = PBXBuildFile; fileRef = 24153E07247C42D2005A3C66 /* MathsTableViewCell.swift */; };
		24153E0A247C42D2005A3C66 /* MathsTableViewCell.xib in Resources */ = {isa = PBXBuildFile; fileRef = 24153E08247C42D2005A3C66 /* MathsTableViewCell.xib */; };
		24153E0C247C460F005A3C66 /* MathsTableViewController.swift in Sources */ = {isa = PBXBuildFile; fileRef = 24153E0B247C460F005A3C66 /* MathsTableViewController.swift */; };
		24153E0E247C48FF005A3C66 /* Maths.swift in Sources */ = {isa = PBXBuildFile; fileRef = 24153E0D247C48FF005A3C66 /* Maths.swift */; };
		24153E10247C495D005A3C66 /* MathsManager.swift in Sources */ = {isa = PBXBuildFile; fileRef = 24153E0F247C495D005A3C66 /* MathsManager.swift */; };
		24153E12247C544A005A3C66 /* MathsScene.swift in Sources */ = {isa = PBXBuildFile; fileRef = 24153E11247C544A005A3C66 /* MathsScene.swift */; };
		24183D6D2470642B009D74B6 /* AppDelegate.swift in Sources */ = {isa = PBXBuildFile; fileRef = 24183D6C2470642B009D74B6 /* AppDelegate.swift */; };
		24183D6F2470642B009D74B6 /* art.scnassets in Resources */ = {isa = PBXBuildFile; fileRef = 24183D6E2470642B009D74B6 /* art.scnassets */; };
		24183D712470642B009D74B6 /* DisplayARViewController.swift in Sources */ = {isa = PBXBuildFile; fileRef = 24183D702470642B009D74B6 /* DisplayARViewController.swift */; };
		24183D742470642B009D74B6 /* Main.storyboard in Resources */ = {isa = PBXBuildFile; fileRef = 24183D722470642B009D74B6 /* Main.storyboard */; };
		24183D762470642C009D74B6 /* Assets.xcassets in Resources */ = {isa = PBXBuildFile; fileRef = 24183D752470642C009D74B6 /* Assets.xcassets */; };
		24183D792470642C009D74B6 /* LaunchScreen.storyboard in Resources */ = {isa = PBXBuildFile; fileRef = 24183D772470642C009D74B6 /* LaunchScreen.storyboard */; };
		242C7DE4247F07E800CEFCEE /* TestScene.swift in Sources */ = {isa = PBXBuildFile; fileRef = 242C7DE3247F07E800CEFCEE /* TestScene.swift */; };
		242C7DE6247F0BCB00CEFCEE /* AlphabetScene.swift in Sources */ = {isa = PBXBuildFile; fileRef = 242C7DE5247F0BCB00CEFCEE /* AlphabetScene.swift */; };
		24516835247E383700BD4C1E /* TestViewController.swift in Sources */ = {isa = PBXBuildFile; fileRef = 24516834247E383700BD4C1E /* TestViewController.swift */; };
		24516837247E453E00BD4C1E /* Question.swift in Sources */ = {isa = PBXBuildFile; fileRef = 24516836247E453E00BD4C1E /* Question.swift */; };
		24516839247E491700BD4C1E /* QuestionManager.swift in Sources */ = {isa = PBXBuildFile; fileRef = 24516838247E491700BD4C1E /* QuestionManager.swift */; };
		24ABA211247991D3007C2DAF /* DisplaySelectedViewController.swift in Sources */ = {isa = PBXBuildFile; fileRef = 24ABA210247991D3007C2DAF /* DisplaySelectedViewController.swift */; };
		24ABA2142479954A007C2DAF /* Pages.swift in Sources */ = {isa = PBXBuildFile; fileRef = 24ABA2132479954A007C2DAF /* Pages.swift */; };
		24ABA2162479993C007C2DAF /* PagesManager.swift in Sources */ = {isa = PBXBuildFile; fileRef = 24ABA2152479993C007C2DAF /* PagesManager.swift */; };
		24ABA2182479A067007C2DAF /* DisplaySelectedARViewController.swift in Sources */ = {isa = PBXBuildFile; fileRef = 24ABA2172479A067007C2DAF /* DisplaySelectedARViewController.swift */; };
		24B8011E24805BAD009F7CC8 /* TestStartViewController.swift in Sources */ = {isa = PBXBuildFile; fileRef = 24B8011D24805BAD009F7CC8 /* TestStartViewController.swift */; };
		24B8012024805D33009F7CC8 /* TestResultViewController.swift in Sources */ = {isa = PBXBuildFile; fileRef = 24B8011F24805D33009F7CC8 /* TestResultViewController.swift */; };
		24B8012324805DDC009F7CC8 /* TestResultTableViewCell.swift in Sources */ = {isa = PBXBuildFile; fileRef = 24B8012124805DDC009F7CC8 /* TestResultTableViewCell.swift */; };
		24B8012424805DDC009F7CC8 /* TestResultTableViewCell.xib in Resources */ = {isa = PBXBuildFile; fileRef = 24B8012224805DDC009F7CC8 /* TestResultTableViewCell.xib */; };
		24B8012624805FCC009F7CC8 /* TestDashboardViewController.swift in Sources */ = {isa = PBXBuildFile; fileRef = 24B8012524805FCC009F7CC8 /* TestDashboardViewController.swift */; };
		24B8012924806388009F7CC8 /* AppDatabase.swift in Sources */ = {isa = PBXBuildFile; fileRef = 24B8012824806388009F7CC8 /* AppDatabase.swift */; };
		24B8012B24806560009F7CC8 /* TestResult.swift in Sources */ = {isa = PBXBuildFile; fileRef = 24B8012A24806560009F7CC8 /* TestResult.swift */; };
		24CCB51224716DDE00DF435B /* DashboardViewController.swift in Sources */ = {isa = PBXBuildFile; fileRef = 24CCB51124716DDE00DF435B /* DashboardViewController.swift */; };
		24CCB51624716F9500DF435B /* DashboardCollectionViewCell.swift in Sources */ = {isa = PBXBuildFile; fileRef = 24CCB51424716F9500DF435B /* DashboardCollectionViewCell.swift */; };
		24CCB51724716F9500DF435B /* DashboardCollectionViewCell.xib in Resources */ = {isa = PBXBuildFile; fileRef = 24CCB51524716F9500DF435B /* DashboardCollectionViewCell.xib */; };
		24CCB51A2471AFCF00DF435B /* Design.swift in Sources */ = {isa = PBXBuildFile; fileRef = 24CCB5192471AFCF00DF435B /* Design.swift */; };
/* End PBXBuildFile section */

/* Begin PBXFileReference section */
		240A654A247AF4D30084CB31 /* Animal.swift */ = {isa = PBXFileReference; lastKnownFileType = sourcecode.swift; path = Animal.swift; sourceTree = "<group>"; };
		240A654C247AF5FA0084CB31 /* AnimalManager.swift */ = {isa = PBXFileReference; lastKnownFileType = sourcecode.swift; path = AnimalManager.swift; sourceTree = "<group>"; };
		240A654E247AFA900084CB31 /* AnimalTableViewCell.swift */ = {isa = PBXFileReference; lastKnownFileType = sourcecode.swift; path = AnimalTableViewCell.swift; sourceTree = "<group>"; };
		240A654F247AFA900084CB31 /* AnimalTableViewCell.xib */ = {isa = PBXFileReference; lastKnownFileType = file.xib; path = AnimalTableViewCell.xib; sourceTree = "<group>"; };
		240A6552247AFB530084CB31 /* AnimalViewController.swift */ = {isa = PBXFileReference; lastKnownFileType = sourcecode.swift; path = AnimalViewController.swift; sourceTree = "<group>"; };
		240A6554247B05370084CB31 /* AnimalTitleTableViewCell.swift */ = {isa = PBXFileReference; lastKnownFileType = sourcecode.swift; path = AnimalTitleTableViewCell.swift; sourceTree = "<group>"; };
		240A6555247B05370084CB31 /* AnimalTitleTableViewCell.xib */ = {isa = PBXFileReference; lastKnownFileType = file.xib; path = AnimalTitleTableViewCell.xib; sourceTree = "<group>"; };
		24125FB924791BF500F4E544 /* ColorForApp.swift */ = {isa = PBXFileReference; lastKnownFileType = sourcecode.swift; path = ColorForApp.swift; sourceTree = "<group>"; };
		24125FBB2479535D00F4E544 /* DisplayCardViewController.swift */ = {isa = PBXFileReference; lastKnownFileType = sourcecode.swift; path = DisplayCardViewController.swift; sourceTree = "<group>"; };
		24153DEA247BBE3D005A3C66 /* AnimalScene.swift */ = {isa = PBXFileReference; lastKnownFileType = sourcecode.swift; path = AnimalScene.swift; sourceTree = "<group>"; };
		24153DEC247BD32D005A3C66 /* SolarSystemTableViewCell.swift */ = {isa = PBXFileReference; lastKnownFileType = sourcecode.swift; path = SolarSystemTableViewCell.swift; sourceTree = "<group>"; };
		24153DED247BD32D005A3C66 /* SolarSystemTableViewCell.xib */ = {isa = PBXFileReference; lastKnownFileType = file.xib; path = SolarSystemTableViewCell.xib; sourceTree = "<group>"; };
		24153DF0247BD4CF005A3C66 /* SolarSystemTableViewController.swift */ = {isa = PBXFileReference; lastKnownFileType = sourcecode.swift; path = SolarSystemTableViewController.swift; sourceTree = "<group>"; };
		24153DF2247BD5B3005A3C66 /* SolarSystem.swift */ = {isa = PBXFileReference; lastKnownFileType = sourcecode.swift; path = SolarSystem.swift; sourceTree = "<group>"; };
		24153DF4247BD6D2005A3C66 /* SolarSystemManager.swift */ = {isa = PBXFileReference; lastKnownFileType = sourcecode.swift; path = SolarSystemManager.swift; sourceTree = "<group>"; };
		24153DF6247BE8B9005A3C66 /* SingleSolarSystemViewController.swift */ = {isa = PBXFileReference; lastKnownFileType = sourcecode.swift; path = SingleSolarSystemViewController.swift; sourceTree = "<group>"; };
		24153DFB247BEC6B005A3C66 /* SingleSolarSystemTableViewCell.swift */ = {isa = PBXFileReference; lastKnownFileType = sourcecode.swift; path = SingleSolarSystemTableViewCell.swift; sourceTree = "<group>"; };
		24153DFC247BEC6B005A3C66 /* SingleSolarSystemTableViewCell.xib */ = {isa = PBXFileReference; lastKnownFileType = file.xib; path = SingleSolarSystemTableViewCell.xib; sourceTree = "<group>"; };
		24153DFF247C2293005A3C66 /* StatisticsSingleSolarSystemTableViewCell.swift */ = {isa = PBXFileReference; lastKnownFileType = sourcecode.swift; path = StatisticsSingleSolarSystemTableViewCell.swift; sourceTree = "<group>"; };
		24153E00247C2293005A3C66 /* StatisticsSingleSolarSystemTableViewCell.xib */ = {isa = PBXFileReference; lastKnownFileType = file.xib; path = StatisticsSingleSolarSystemTableViewCell.xib; sourceTree = "<group>"; };
		24153E03247C24CC005A3C66 /* SolarSystemScene.swift */ = {isa = PBXFileReference; lastKnownFileType = sourcecode.swift; path = SolarSystemScene.swift; sourceTree = "<group>"; };
		24153E07247C42D2005A3C66 /* MathsTableViewCell.swift */ = {isa = PBXFileReference; lastKnownFileType = sourcecode.swift; path = MathsTableViewCell.swift; sourceTree = "<group>"; };
		24153E08247C42D2005A3C66 /* MathsTableViewCell.xib */ = {isa = PBXFileReference; lastKnownFileType = file.xib; path = MathsTableViewCell.xib; sourceTree = "<group>"; };
		24153E0B247C460F005A3C66 /* MathsTableViewController.swift */ = {isa = PBXFileReference; lastKnownFileType = sourcecode.swift; path = MathsTableViewController.swift; sourceTree = "<group>"; };
		24153E0D247C48FF005A3C66 /* Maths.swift */ = {isa = PBXFileReference; lastKnownFileType = sourcecode.swift; path = Maths.swift; sourceTree = "<group>"; };
		24153E0F247C495D005A3C66 /* MathsManager.swift */ = {isa = PBXFileReference; lastKnownFileType = sourcecode.swift; path = MathsManager.swift; sourceTree = "<group>"; };
		24153E11247C544A005A3C66 /* MathsScene.swift */ = {isa = PBXFileReference; lastKnownFileType = sourcecode.swift; path = MathsScene.swift; sourceTree = "<group>"; };
		24183D692470642B009D74B6 /* OnlineTutor.app */ = {isa = PBXFileReference; explicitFileType = wrapper.application; includeInIndex = 0; path = OnlineTutor.app; sourceTree = BUILT_PRODUCTS_DIR; };
		24183D6C2470642B009D74B6 /* AppDelegate.swift */ = {isa = PBXFileReference; lastKnownFileType = sourcecode.swift; path = AppDelegate.swift; sourceTree = "<group>"; };
		24183D6E2470642B009D74B6 /* art.scnassets */ = {isa = PBXFileReference; lastKnownFileType = wrapper.scnassets; path = art.scnassets; sourceTree = "<group>"; };
		24183D702470642B009D74B6 /* DisplayARViewController.swift */ = {isa = PBXFileReference; lastKnownFileType = sourcecode.swift; path = DisplayARViewController.swift; sourceTree = "<group>"; };
		24183D732470642B009D74B6 /* Base */ = {isa = PBXFileReference; lastKnownFileType = file.storyboard; name = Base; path = Base.lproj/Main.storyboard; sourceTree = "<group>"; };
		24183D752470642C009D74B6 /* Assets.xcassets */ = {isa = PBXFileReference; lastKnownFileType = folder.assetcatalog; path = Assets.xcassets; sourceTree = "<group>"; };
		24183D782470642C009D74B6 /* Base */ = {isa = PBXFileReference; lastKnownFileType = file.storyboard; name = Base; path = Base.lproj/LaunchScreen.storyboard; sourceTree = "<group>"; };
		24183D7A2470642C009D74B6 /* Info.plist */ = {isa = PBXFileReference; lastKnownFileType = text.plist.xml; path = Info.plist; sourceTree = "<group>"; };
		242C7DE3247F07E800CEFCEE /* TestScene.swift */ = {isa = PBXFileReference; lastKnownFileType = sourcecode.swift; path = TestScene.swift; sourceTree = "<group>"; };
		242C7DE5247F0BCB00CEFCEE /* AlphabetScene.swift */ = {isa = PBXFileReference; lastKnownFileType = sourcecode.swift; path = AlphabetScene.swift; sourceTree = "<group>"; };
		24516834247E383700BD4C1E /* TestViewController.swift */ = {isa = PBXFileReference; lastKnownFileType = sourcecode.swift; path = TestViewController.swift; sourceTree = "<group>"; };
		24516836247E453E00BD4C1E /* Question.swift */ = {isa = PBXFileReference; lastKnownFileType = sourcecode.swift; path = Question.swift; sourceTree = "<group>"; };
		24516838247E491700BD4C1E /* QuestionManager.swift */ = {isa = PBXFileReference; lastKnownFileType = sourcecode.swift; path = QuestionManager.swift; sourceTree = "<group>"; };
		24ABA210247991D3007C2DAF /* DisplaySelectedViewController.swift */ = {isa = PBXFileReference; lastKnownFileType = sourcecode.swift; path = DisplaySelectedViewController.swift; sourceTree = "<group>"; };
		24ABA2132479954A007C2DAF /* Pages.swift */ = {isa = PBXFileReference; lastKnownFileType = sourcecode.swift; path = Pages.swift; sourceTree = "<group>"; };
		24ABA2152479993C007C2DAF /* PagesManager.swift */ = {isa = PBXFileReference; lastKnownFileType = sourcecode.swift; path = PagesManager.swift; sourceTree = "<group>"; };
		24ABA2172479A067007C2DAF /* DisplaySelectedARViewController.swift */ = {isa = PBXFileReference; lastKnownFileType = sourcecode.swift; path = DisplaySelectedARViewController.swift; sourceTree = "<group>"; };
		24B8011D24805BAD009F7CC8 /* TestStartViewController.swift */ = {isa = PBXFileReference; lastKnownFileType = sourcecode.swift; path = TestStartViewController.swift; sourceTree = "<group>"; };
		24B8011F24805D33009F7CC8 /* TestResultViewController.swift */ = {isa = PBXFileReference; lastKnownFileType = sourcecode.swift; path = TestResultViewController.swift; sourceTree = "<group>"; };
		24B8012124805DDC009F7CC8 /* TestResultTableViewCell.swift */ = {isa = PBXFileReference; lastKnownFileType = sourcecode.swift; path = TestResultTableViewCell.swift; sourceTree = "<group>"; };
		24B8012224805DDC009F7CC8 /* TestResultTableViewCell.xib */ = {isa = PBXFileReference; lastKnownFileType = file.xib; path = TestResultTableViewCell.xib; sourceTree = "<group>"; };
		24B8012524805FCC009F7CC8 /* TestDashboardViewController.swift */ = {isa = PBXFileReference; lastKnownFileType = sourcecode.swift; path = TestDashboardViewController.swift; sourceTree = "<group>"; };
		24B8012824806388009F7CC8 /* AppDatabase.swift */ = {isa = PBXFileReference; lastKnownFileType = sourcecode.swift; path = AppDatabase.swift; sourceTree = "<group>"; };
		24B8012A24806560009F7CC8 /* TestResult.swift */ = {isa = PBXFileReference; lastKnownFileType = sourcecode.swift; path = TestResult.swift; sourceTree = "<group>"; };
		24CCB51124716DDE00DF435B /* DashboardViewController.swift */ = {isa = PBXFileReference; lastKnownFileType = sourcecode.swift; path = DashboardViewController.swift; sourceTree = "<group>"; };
		24CCB51424716F9500DF435B /* DashboardCollectionViewCell.swift */ = {isa = PBXFileReference; lastKnownFileType = sourcecode.swift; path = DashboardCollectionViewCell.swift; sourceTree = "<group>"; };
		24CCB51524716F9500DF435B /* DashboardCollectionViewCell.xib */ = {isa = PBXFileReference; lastKnownFileType = file.xib; path = DashboardCollectionViewCell.xib; sourceTree = "<group>"; };
		24CCB5192471AFCF00DF435B /* Design.swift */ = {isa = PBXFileReference; lastKnownFileType = sourcecode.swift; path = Design.swift; sourceTree = "<group>"; };
/* End PBXFileReference section */

/* Begin PBXFrameworksBuildPhase section */
		24183D662470642B009D74B6 /* Frameworks */ = {
			isa = PBXFrameworksBuildPhase;
			buildActionMask = 2147483647;
			files = (
			);
			runOnlyForDeploymentPostprocessing = 0;
		};
/* End PBXFrameworksBuildPhase section */

/* Begin PBXGroup section */
		24125FB824791BA600F4E544 /* resources */ = {
			isa = PBXGroup;
			children = (
				24125FB924791BF500F4E544 /* ColorForApp.swift */,
			);
			path = resources;
			sourceTree = "<group>";
		};
		24153DE9247BBE0D005A3C66 /* SceneViewController */ = {
			isa = PBXGroup;
			children = (
				24153DEA247BBE3D005A3C66 /* AnimalScene.swift */,
				24153E03247C24CC005A3C66 /* SolarSystemScene.swift */,
				24153E11247C544A005A3C66 /* MathsScene.swift */,
				242C7DE3247F07E800CEFCEE /* TestScene.swift */,
				242C7DE5247F0BCB00CEFCEE /* AlphabetScene.swift */,
			);
			path = SceneViewController;
			sourceTree = "<group>";
		};
		24183D602470642A009D74B6 = {
			isa = PBXGroup;
			children = (
				24183D6B2470642B009D74B6 /* OnlineTutor */,
				24183D6A2470642B009D74B6 /* Products */,
			);
			sourceTree = "<group>";
		};
		24183D6A2470642B009D74B6 /* Products */ = {
			isa = PBXGroup;
			children = (
				24183D692470642B009D74B6 /* OnlineTutor.app */,
			);
			name = Products;
			sourceTree = "<group>";
		};
		24183D6B2470642B009D74B6 /* OnlineTutor */ = {
			isa = PBXGroup;
			children = (
				24B801272480636B009F7CC8 /* SQLite */,
				24ABA21224799378007C2DAF /* Model */,
				24125FB824791BA600F4E544 /* resources */,
				24CCB5182471AFBE00DF435B /* utils */,
				24CCB51324716F7D00DF435B /* xibCell */,
				24153DE9247BBE0D005A3C66 /* SceneViewController */,
				24CCB51024716DBB00DF435B /* ViewController */,
				24183D6C2470642B009D74B6 /* AppDelegate.swift */,
				24183D6E2470642B009D74B6 /* art.scnassets */,
				24183D722470642B009D74B6 /* Main.storyboard */,
				24183D752470642C009D74B6 /* Assets.xcassets */,
				24183D772470642C009D74B6 /* LaunchScreen.storyboard */,
				24183D7A2470642C009D74B6 /* Info.plist */,
			);
			path = OnlineTutor;
			sourceTree = "<group>";
		};
		24ABA21224799378007C2DAF /* Model */ = {
			isa = PBXGroup;
			children = (
				24ABA2132479954A007C2DAF /* Pages.swift */,
				24ABA2152479993C007C2DAF /* PagesManager.swift */,
				240A654A247AF4D30084CB31 /* Animal.swift */,
				240A654C247AF5FA0084CB31 /* AnimalManager.swift */,
				24153DF2247BD5B3005A3C66 /* SolarSystem.swift */,
				24153DF4247BD6D2005A3C66 /* SolarSystemManager.swift */,
				24153E0D247C48FF005A3C66 /* Maths.swift */,
				24153E0F247C495D005A3C66 /* MathsManager.swift */,
				24516836247E453E00BD4C1E /* Question.swift */,
				24516838247E491700BD4C1E /* QuestionManager.swift */,
				24B8012A24806560009F7CC8 /* TestResult.swift */,
			);
			path = Model;
			sourceTree = "<group>";
		};
		24B801272480636B009F7CC8 /* SQLite */ = {
			isa = PBXGroup;
			children = (
				24B8012824806388009F7CC8 /* AppDatabase.swift */,
			);
			path = SQLite;
			sourceTree = "<group>";
		};
		24CCB51024716DBB00DF435B /* ViewController */ = {
			isa = PBXGroup;
			children = (
				24CCB51124716DDE00DF435B /* DashboardViewController.swift */,
				24125FBB2479535D00F4E544 /* DisplayCardViewController.swift */,
				24183D702470642B009D74B6 /* DisplayARViewController.swift */,
				24ABA210247991D3007C2DAF /* DisplaySelectedViewController.swift */,
				24ABA2172479A067007C2DAF /* DisplaySelectedARViewController.swift */,
				240A6552247AFB530084CB31 /* AnimalViewController.swift */,
				24153DF0247BD4CF005A3C66 /* SolarSystemTableViewController.swift */,
				24153DF6247BE8B9005A3C66 /* SingleSolarSystemViewController.swift */,
				24153E0B247C460F005A3C66 /* MathsTableViewController.swift */,
				24516834247E383700BD4C1E /* TestViewController.swift */,
				24B8011D24805BAD009F7CC8 /* TestStartViewController.swift */,
				24B8011F24805D33009F7CC8 /* TestResultViewController.swift */,
				24B8012524805FCC009F7CC8 /* TestDashboardViewController.swift */,
			);
			path = ViewController;
			sourceTree = "<group>";
		};
		24CCB51324716F7D00DF435B /* xibCell */ = {
			isa = PBXGroup;
			children = (
				24CCB51424716F9500DF435B /* DashboardCollectionViewCell.swift */,
				24CCB51524716F9500DF435B /* DashboardCollectionViewCell.xib */,
				240A654E247AFA900084CB31 /* AnimalTableViewCell.swift */,
				240A654F247AFA900084CB31 /* AnimalTableViewCell.xib */,
				240A6554247B05370084CB31 /* AnimalTitleTableViewCell.swift */,
				240A6555247B05370084CB31 /* AnimalTitleTableViewCell.xib */,
				24153DEC247BD32D005A3C66 /* SolarSystemTableViewCell.swift */,
				24153DED247BD32D005A3C66 /* SolarSystemTableViewCell.xib */,
				24153DFB247BEC6B005A3C66 /* SingleSolarSystemTableViewCell.swift */,
				24153DFC247BEC6B005A3C66 /* SingleSolarSystemTableViewCell.xib */,
				24153DFF247C2293005A3C66 /* StatisticsSingleSolarSystemTableViewCell.swift */,
				24153E00247C2293005A3C66 /* StatisticsSingleSolarSystemTableViewCell.xib */,
				24153E07247C42D2005A3C66 /* MathsTableViewCell.swift */,
				24153E08247C42D2005A3C66 /* MathsTableViewCell.xib */,
				24B8012124805DDC009F7CC8 /* TestResultTableViewCell.swift */,
				24B8012224805DDC009F7CC8 /* TestResultTableViewCell.xib */,
			);
			path = xibCell;
			sourceTree = "<group>";
		};
		24CCB5182471AFBE00DF435B /* utils */ = {
			isa = PBXGroup;
			children = (
				24CCB5192471AFCF00DF435B /* Design.swift */,
			);
			path = utils;
			sourceTree = "<group>";
		};
/* End PBXGroup section */

/* Begin PBXNativeTarget section */
		24183D682470642B009D74B6 /* OnlineTutor */ = {
			isa = PBXNativeTarget;
			buildConfigurationList = 24183D7D2470642C009D74B6 /* Build configuration list for PBXNativeTarget "OnlineTutor" */;
			buildPhases = (
				24183D652470642B009D74B6 /* Sources */,
				24183D662470642B009D74B6 /* Frameworks */,
				24183D672470642B009D74B6 /* Resources */,
			);
			buildRules = (
			);
			dependencies = (
			);
			name = OnlineTutor;
			productName = OnlineTutor;
			productReference = 24183D692470642B009D74B6 /* OnlineTutor.app */;
			productType = "com.apple.product-type.application";
		};
/* End PBXNativeTarget section */

/* Begin PBXProject section */
		24183D612470642A009D74B6 /* Project object */ = {
			isa = PBXProject;
			attributes = {
				LastSwiftUpdateCheck = 1130;
				LastUpgradeCheck = 1130;
				ORGANIZATIONNAME = "Rojan Bajracharya";
				TargetAttributes = {
					24183D682470642B009D74B6 = {
						CreatedOnToolsVersion = 11.3.1;
					};
				};
			};
			buildConfigurationList = 24183D642470642A009D74B6 /* Build configuration list for PBXProject "OnlineTutor" */;
			compatibilityVersion = "Xcode 9.3";
			developmentRegion = en;
			hasScannedForEncodings = 0;
			knownRegions = (
				en,
				Base,
			);
			mainGroup = 24183D602470642A009D74B6;
			productRefGroup = 24183D6A2470642B009D74B6 /* Products */;
			projectDirPath = "";
			projectRoot = "";
			targets = (
				24183D682470642B009D74B6 /* OnlineTutor */,
			);
		};
/* End PBXProject section */

/* Begin PBXResourcesBuildPhase section */
		24183D672470642B009D74B6 /* Resources */ = {
			isa = PBXResourcesBuildPhase;
			buildActionMask = 2147483647;
			files = (
				24183D6F2470642B009D74B6 /* art.scnassets in Resources */,
				24153E0A247C42D2005A3C66 /* MathsTableViewCell.xib in Resources */,
				24153DFE247BEC6B005A3C66 /* SingleSolarSystemTableViewCell.xib in Resources */,
				24183D792470642C009D74B6 /* LaunchScreen.storyboard in Resources */,
				24183D762470642C009D74B6 /* Assets.xcassets in Resources */,
				24183D742470642B009D74B6 /* Main.storyboard in Resources */,
				24B8012424805DDC009F7CC8 /* TestResultTableViewCell.xib in Resources */,
				24CCB51724716F9500DF435B /* DashboardCollectionViewCell.xib in Resources */,
				240A6551247AFA900084CB31 /* AnimalTableViewCell.xib in Resources */,
				24153E02247C2293005A3C66 /* StatisticsSingleSolarSystemTableViewCell.xib in Resources */,
				24153DEF247BD32D005A3C66 /* SolarSystemTableViewCell.xib in Resources */,
				240A6557247B05370084CB31 /* AnimalTitleTableViewCell.xib in Resources */,
			);
			runOnlyForDeploymentPostprocessing = 0;
		};
/* End PBXResourcesBuildPhase section */

/* Begin PBXSourcesBuildPhase section */
		24183D652470642B009D74B6 /* Sources */ = {
			isa = PBXSourcesBuildPhase;
			buildActionMask = 2147483647;
			files = (
				240A6556247B05370084CB31 /* AnimalTitleTableViewCell.swift in Sources */,
				24516837247E453E00BD4C1E /* Question.swift in Sources */,
				24183D712470642B009D74B6 /* DisplayARViewController.swift in Sources */,
				240A6550247AFA900084CB31 /* AnimalTableViewCell.swift in Sources */,
				24153DEB247BBE3D005A3C66 /* AnimalScene.swift in Sources */,
				24153E12247C544A005A3C66 /* MathsScene.swift in Sources */,
				24CCB51624716F9500DF435B /* DashboardCollectionViewCell.swift in Sources */,
				24153DF7247BE8B9005A3C66 /* SingleSolarSystemViewController.swift in Sources */,
				24153E04247C24CC005A3C66 /* SolarSystemScene.swift in Sources */,
				24ABA2182479A067007C2DAF /* DisplaySelectedARViewController.swift in Sources */,
				242C7DE6247F0BCB00CEFCEE /* AlphabetScene.swift in Sources */,
				242C7DE4247F07E800CEFCEE /* TestScene.swift in Sources */,
				24CCB51224716DDE00DF435B /* DashboardViewController.swift in Sources */,
				24B8012024805D33009F7CC8 /* TestResultViewController.swift in Sources */,
				24125FBC2479535D00F4E544 /* DisplayCardViewController.swift in Sources */,
				240A654B247AF4D30084CB31 /* Animal.swift in Sources */,
				24153E0E247C48FF005A3C66 /* Maths.swift in Sources */,
				24B8012B24806560009F7CC8 /* TestResult.swift in Sources */,
				24153DFD247BEC6B005A3C66 /* SingleSolarSystemTableViewCell.swift in Sources */,
				24B8011E24805BAD009F7CC8 /* TestStartViewController.swift in Sources */,
				24ABA2162479993C007C2DAF /* PagesManager.swift in Sources */,
				24153DF3247BD5B3005A3C66 /* SolarSystem.swift in Sources */,
				24ABA211247991D3007C2DAF /* DisplaySelectedViewController.swift in Sources */,
				24153DF5247BD6D2005A3C66 /* SolarSystemManager.swift in Sources */,
				24B8012624805FCC009F7CC8 /* TestDashboardViewController.swift in Sources */,
				24183D6D2470642B009D74B6 /* AppDelegate.swift in Sources */,
				24516839247E491700BD4C1E /* QuestionManager.swift in Sources */,
				24153DF1247BD4CF005A3C66 /* SolarSystemTableViewController.swift in Sources */,
				24153E10247C495D005A3C66 /* MathsManager.swift in Sources */,
				240A6553247AFB530084CB31 /* AnimalViewController.swift in Sources */,
				240A654D247AF5FA0084CB31 /* AnimalManager.swift in Sources */,
				24516835247E383700BD4C1E /* TestViewController.swift in Sources */,
				24ABA2142479954A007C2DAF /* Pages.swift in Sources */,
				24153E09247C42D2005A3C66 /* MathsTableViewCell.swift in Sources */,
				24153E0C247C460F005A3C66 /* MathsTableViewController.swift in Sources */,
				24B8012924806388009F7CC8 /* AppDatabase.swift in Sources */,
				24CCB51A2471AFCF00DF435B /* Design.swift in Sources */,
				24B8012324805DDC009F7CC8 /* TestResultTableViewCell.swift in Sources */,
				24153DEE247BD32D005A3C66 /* SolarSystemTableViewCell.swift in Sources */,
				24125FBA24791BF500F4E544 /* ColorForApp.swift in Sources */,
				24153E01247C2293005A3C66 /* StatisticsSingleSolarSystemTableViewCell.swift in Sources */,
			);
			runOnlyForDeploymentPostprocessing = 0;
		};
/* End PBXSourcesBuildPhase section */

/* Begin PBXVariantGroup section */
		24183D722470642B009D74B6 /* Main.storyboard */ = {
			isa = PBXVariantGroup;
			children = (
				24183D732470642B009D74B6 /* Base */,
			);
			name = Main.storyboard;
			sourceTree = "<group>";
		};
		24183D772470642C009D74B6 /* LaunchScreen.storyboard */ = {
			isa = PBXVariantGroup;
			children = (
				24183D782470642C009D74B6 /* Base */,
			);
			name = LaunchScreen.storyboard;
			sourceTree = "<group>";
		};
/* End PBXVariantGroup section */

/* Begin XCBuildConfiguration section */
		24183D7B2470642C009D74B6 /* Debug */ = {
			isa = XCBuildConfiguration;
			buildSettings = {
				ALWAYS_SEARCH_USER_PATHS = NO;
				CLANG_ANALYZER_NONNULL = YES;
				CLANG_ANALYZER_NUMBER_OBJECT_CONVERSION = YES_AGGRESSIVE;
				CLANG_CXX_LANGUAGE_STANDARD = "gnu++14";
				CLANG_CXX_LIBRARY = "libc++";
				CLANG_ENABLE_MODULES = YES;
				CLANG_ENABLE_OBJC_ARC = YES;
				CLANG_ENABLE_OBJC_WEAK = YES;
				CLANG_WARN_BLOCK_CAPTURE_AUTORELEASING = YES;
				CLANG_WARN_BOOL_CONVERSION = YES;
				CLANG_WARN_COMMA = YES;
				CLANG_WARN_CONSTANT_CONVERSION = YES;
				CLANG_WARN_DEPRECATED_OBJC_IMPLEMENTATIONS = YES;
				CLANG_WARN_DIRECT_OBJC_ISA_USAGE = YES_ERROR;
				CLANG_WARN_DOCUMENTATION_COMMENTS = YES;
				CLANG_WARN_EMPTY_BODY = YES;
				CLANG_WARN_ENUM_CONVERSION = YES;
				CLANG_WARN_INFINITE_RECURSION = YES;
				CLANG_WARN_INT_CONVERSION = YES;
				CLANG_WARN_NON_LITERAL_NULL_CONVERSION = YES;
				CLANG_WARN_OBJC_IMPLICIT_RETAIN_SELF = YES;
				CLANG_WARN_OBJC_LITERAL_CONVERSION = YES;
				CLANG_WARN_OBJC_ROOT_CLASS = YES_ERROR;
				CLANG_WARN_RANGE_LOOP_ANALYSIS = YES;
				CLANG_WARN_STRICT_PROTOTYPES = YES;
				CLANG_WARN_SUSPICIOUS_MOVE = YES;
				CLANG_WARN_UNGUARDED_AVAILABILITY = YES_AGGRESSIVE;
				CLANG_WARN_UNREACHABLE_CODE = YES;
				CLANG_WARN__DUPLICATE_METHOD_MATCH = YES;
				COPY_PHASE_STRIP = NO;
				DEBUG_INFORMATION_FORMAT = dwarf;
				ENABLE_STRICT_OBJC_MSGSEND = YES;
				ENABLE_TESTABILITY = YES;
				GCC_C_LANGUAGE_STANDARD = gnu11;
				GCC_DYNAMIC_NO_PIC = NO;
				GCC_NO_COMMON_BLOCKS = YES;
				GCC_OPTIMIZATION_LEVEL = 0;
				GCC_PREPROCESSOR_DEFINITIONS = (
					"DEBUG=1",
					"$(inherited)",
				);
				GCC_WARN_64_TO_32_BIT_CONVERSION = YES;
				GCC_WARN_ABOUT_RETURN_TYPE = YES_ERROR;
				GCC_WARN_UNDECLARED_SELECTOR = YES;
				GCC_WARN_UNINITIALIZED_AUTOS = YES_AGGRESSIVE;
				GCC_WARN_UNUSED_FUNCTION = YES;
				GCC_WARN_UNUSED_VARIABLE = YES;
				IPHONEOS_DEPLOYMENT_TARGET = 13.0;
				MTL_ENABLE_DEBUG_INFO = INCLUDE_SOURCE;
				MTL_FAST_MATH = YES;
				ONLY_ACTIVE_ARCH = YES;
				SDKROOT = iphoneos;
				SWIFT_ACTIVE_COMPILATION_CONDITIONS = DEBUG;
				SWIFT_OPTIMIZATION_LEVEL = "-Onone";
			};
			name = Debug;
		};
		24183D7C2470642C009D74B6 /* Release */ = {
			isa = XCBuildConfiguration;
			buildSettings = {
				ALWAYS_SEARCH_USER_PATHS = NO;
				CLANG_ANALYZER_NONNULL = YES;
				CLANG_ANALYZER_NUMBER_OBJECT_CONVERSION = YES_AGGRESSIVE;
				CLANG_CXX_LANGUAGE_STANDARD = "gnu++14";
				CLANG_CXX_LIBRARY = "libc++";
				CLANG_ENABLE_MODULES = YES;
				CLANG_ENABLE_OBJC_ARC = YES;
				CLANG_ENABLE_OBJC_WEAK = YES;
				CLANG_WARN_BLOCK_CAPTURE_AUTORELEASING = YES;
				CLANG_WARN_BOOL_CONVERSION = YES;
				CLANG_WARN_COMMA = YES;
				CLANG_WARN_CONSTANT_CONVERSION = YES;
				CLANG_WARN_DEPRECATED_OBJC_IMPLEMENTATIONS = YES;
				CLANG_WARN_DIRECT_OBJC_ISA_USAGE = YES_ERROR;
				CLANG_WARN_DOCUMENTATION_COMMENTS = YES;
				CLANG_WARN_EMPTY_BODY = YES;
				CLANG_WARN_ENUM_CONVERSION = YES;
				CLANG_WARN_INFINITE_RECURSION = YES;
				CLANG_WARN_INT_CONVERSION = YES;
				CLANG_WARN_NON_LITERAL_NULL_CONVERSION = YES;
				CLANG_WARN_OBJC_IMPLICIT_RETAIN_SELF = YES;
				CLANG_WARN_OBJC_LITERAL_CONVERSION = YES;
				CLANG_WARN_OBJC_ROOT_CLASS = YES_ERROR;
				CLANG_WARN_RANGE_LOOP_ANALYSIS = YES;
				CLANG_WARN_STRICT_PROTOTYPES = YES;
				CLANG_WARN_SUSPICIOUS_MOVE = YES;
				CLANG_WARN_UNGUARDED_AVAILABILITY = YES_AGGRESSIVE;
				CLANG_WARN_UNREACHABLE_CODE = YES;
				CLANG_WARN__DUPLICATE_METHOD_MATCH = YES;
				COPY_PHASE_STRIP = NO;
				DEBUG_INFORMATION_FORMAT = "dwarf-with-dsym";
				ENABLE_NS_ASSERTIONS = NO;
				ENABLE_STRICT_OBJC_MSGSEND = YES;
				GCC_C_LANGUAGE_STANDARD = gnu11;
				GCC_NO_COMMON_BLOCKS = YES;
				GCC_WARN_64_TO_32_BIT_CONVERSION = YES;
				GCC_WARN_ABOUT_RETURN_TYPE = YES_ERROR;
				GCC_WARN_UNDECLARED_SELECTOR = YES;
				GCC_WARN_UNINITIALIZED_AUTOS = YES_AGGRESSIVE;
				GCC_WARN_UNUSED_FUNCTION = YES;
				GCC_WARN_UNUSED_VARIABLE = YES;
				IPHONEOS_DEPLOYMENT_TARGET = 13.0;
				MTL_ENABLE_DEBUG_INFO = NO;
				MTL_FAST_MATH = YES;
				SDKROOT = iphoneos;
				SWIFT_COMPILATION_MODE = wholemodule;
				SWIFT_OPTIMIZATION_LEVEL = "-O";
				VALIDATE_PRODUCT = YES;
			};
			name = Release;
		};
		24183D7E2470642C009D74B6 /* Debug */ = {
			isa = XCBuildConfiguration;
			buildSettings = {
				ASSETCATALOG_COMPILER_APPICON_NAME = AppIcon;
				CODE_SIGN_STYLE = Automatic;
				DEVELOPMENT_TEAM = 247488GT3Y;
				INFOPLIST_FILE = OnlineTutor/Info.plist;
				LD_RUNPATH_SEARCH_PATHS = (
					"$(inherited)",
					"@executable_path/Frameworks",
				);
				PRODUCT_BUNDLE_IDENTIFIER = com.Rojan.OnlineTutor;
				PRODUCT_NAME = "$(TARGET_NAME)";
				SWIFT_VERSION = 5.0;
				TARGETED_DEVICE_FAMILY = "1,2";
			};
			name = Debug;
		};
		24183D7F2470642C009D74B6 /* Release */ = {
			isa = XCBuildConfiguration;
			buildSettings = {
				ASSETCATALOG_COMPILER_APPICON_NAME = AppIcon;
				CODE_SIGN_STYLE = Automatic;
				DEVELOPMENT_TEAM = 247488GT3Y;
				INFOPLIST_FILE = OnlineTutor/Info.plist;
				LD_RUNPATH_SEARCH_PATHS = (
					"$(inherited)",
					"@executable_path/Frameworks",
				);
				PRODUCT_BUNDLE_IDENTIFIER = com.Rojan.OnlineTutor;
				PRODUCT_NAME = "$(TARGET_NAME)";
				SWIFT_VERSION = 5.0;
				TARGETED_DEVICE_FAMILY = "1,2";
			};
			name = Release;
		};
/* End XCBuildConfiguration section */

/* Begin XCConfigurationList section */
		24183D642470642A009D74B6 /* Build configuration list for PBXProject "OnlineTutor" */ = {
			isa = XCConfigurationList;
			buildConfigurations = (
				24183D7B2470642C009D74B6 /* Debug */,
				24183D7C2470642C009D74B6 /* Release */,
			);
			defaultConfigurationIsVisible = 0;
			defaultConfigurationName = Release;
		};
		24183D7D2470642C009D74B6 /* Build configuration list for PBXNativeTarget "OnlineTutor" */ = {
			isa = XCConfigurationList;
			buildConfigurations = (
				24183D7E2470642C009D74B6 /* Debug */,
				24183D7F2470642C009D74B6 /* Release */,
			);
			defaultConfigurationIsVisible = 0;
			defaultConfigurationName = Release;
		};
/* End XCConfigurationList section */
	};
	rootObject = 24183D612470642A009D74B6 /* Project object */;
}
